Microsoft Visual Studio Solution File, Format Version 12.00
# Visual Studio Version 17
VisualStudioVersion = 17.5.2.0
MinimumVisualStudioVersion = 10.0.40219.1
Project("{FAE04EC0-301F-11D3-BF4B-00C04F79EFBC}") = "FoodMapServer", "FoodMapServer\FoodMapServer.csproj", "{354D44E7-5D1E-5E20-B7AF-BD9205FDDEC5}"
EndProject
Global
	GlobalSection(SolutionConfigurationPlatforms) = preSolution
		Debug|Any CPU = Debug|Any CPU
		Release|Any CPU = Release|Any CPU
	EndGlobalSection
	GlobalSection(ProjectConfigurationPlatforms) = postSolution
		{354D44E7-5D1E-5E20-B7AF-BD9205FDDEC5}.Debug|Any CPU.ActiveCfg = Debug|Any CPU
		{354D44E7-5D1E-5E20-B7AF-BD9205FDDEC5}.Debug|Any CPU.Build.0 = Debug|Any CPU
		{354D44E7-5D1E-5E20-B7AF-BD9205FDDEC5}.Release|Any CPU.ActiveCfg = Release|Any CPU
		{354D44E7-5D1E-5E20-B7AF-BD9205FDDEC5}.Release|Any CPU.Build.0 = Release|Any CPU
	EndGlobalSection
	GlobalSection(SolutionProperties) = preSolution
		HideSolutionNode = FALSE
	EndGlobalSection
	GlobalSection(ExtensibilityGlobals) = postSolution
		SolutionGuid = {956B6E8B-ED89-4B7D-91CE-7DFC5B05509E}
	EndGlobalSection
EndGlobal
